
Microsoft Visual Studio Solution File, Format Version 12.00
# Visual Studio Version 16
VisualStudioVersion = 16.0.31205.134
MinimumVisualStudioVersion = 10.0.40219.1
Project("{9A19103F-16F7-4668-BE54-9A1E7A4F7556}") = "Mixaill.HwInfo.SetupApi", "Mixaill.HwInfo.SetupApi\Mixaill.HwInfo.SetupApi.csproj", "{F76C8E31-06DE-4279-ACE7-DC5D84726D39}"
EndProject
Project("{9A19103F-16F7-4668-BE54-9A1E7A4F7556}") = "Mixaill.HwInfo.Vulkan", "Mixaill.HwInfo.Vulkan\Mixaill.HwInfo.Vulkan.csproj", "{B33C40CC-E7C4-4842-AC8C-D64449CEAD26}"
EndProject
Project("{9A19103F-16F7-4668-BE54-9A1E7A4F7556}") = "Mixaill.HwInfo.Vulkan.Demo", "Mixaill.HwInfo.Vulkan.Demo\Mixaill.HwInfo.Vulkan.Demo.csproj", "{7587B8DE-A4EA-454F-A46F-752E25848597}"
EndProject
Project("{9A19103F-16F7-4668-BE54-9A1E7A4F7556}") = "Mixaill.HwInfo.SetupApi.Demo", "Mixaill.HwInfo.SetupApi.Demo\Mixaill.HwInfo.SetupApi.Demo.csproj", "{2F1ED4BC-ED70-4BB1-8A59-00AEB5F7B740}"
EndProject
Project("{9A19103F-16F7-4668-BE54-9A1E7A4F7556}") = "Mixaill.HwInfo.D3DKMT", "Mixaill.HwInfo.D3DKMT\Mixaill.HwInfo.D3DKMT.csproj", "{3A5473A2-132B-470F-B89A-DFDEFD10C104}"
EndProject
Project("{9A19103F-16F7-4668-BE54-9A1E7A4F7556}") = "Mixaill.HwInfo.D3DKMT.Demo", "Mixaill.HwInfo.D3DKMT.Demo\Mixaill.HwInfo.D3DKMT.Demo.csproj", "{5E85E5A4-DD50-4AAF-9C97-8A3CF4659A6B}"
EndProject
Project("{9A19103F-16F7-4668-BE54-9A1E7A4F7556}") = "Mixaill.HwInfo.LowLevel", "Mixaill.HwInfo.LowLevel\Mixaill.HwInfo.LowLevel.csproj", "{0E720B1A-B7D8-4219-B509-5119A52ED29D}"
EndProject
Project("{9A19103F-16F7-4668-BE54-9A1E7A4F7556}") = "Mixaill.HwInfo.LowLevel.Demo", "Mixaill.HwInfo.LowLevel.Demo\Mixaill.HwInfo.LowLevel.Demo.csproj", "{25040443-A3FF-446B-AD3A-FAB798144ABF}"
EndProject
Global
	GlobalSection(SolutionConfigurationPlatforms) = preSolution
		Debug|Any CPU = Debug|Any CPU
		Debug|x64 = Debug|x64
		Debug|x86 = Debug|x86
		Release|Any CPU = Release|Any CPU
		Release|x64 = Release|x64
		Release|x86 = Release|x86
	EndGlobalSection
	GlobalSection(ProjectConfigurationPlatforms) = postSolution
		{F76C8E31-06DE-4279-ACE7-DC5D84726D39}.Debug|Any CPU.ActiveCfg = Debug|Any CPU
		{F76C8E31-06DE-4279-ACE7-DC5D84726D39}.Debug|Any CPU.Build.0 = Debug|Any CPU
		{F76C8E31-06DE-4279-ACE7-DC5D84726D39}.Debug|x64.ActiveCfg = Debug|Any CPU
		{F76C8E31-06DE-4279-ACE7-DC5D84726D39}.Debug|x64.Build.0 = Debug|Any CPU
		{F76C8E31-06DE-4279-ACE7-DC5D84726D39}.Debug|x86.ActiveCfg = Debug|Any CPU
		{F76C8E31-06DE-4279-ACE7-DC5D84726D39}.Debug|x86.Build.0 = Debug|Any CPU
		{F76C8E31-06DE-4279-ACE7-DC5D84726D39}.Release|Any CPU.ActiveCfg = Release|Any CPU
		{F76C8E31-06DE-4279-ACE7-DC5D84726D39}.Release|Any CPU.Build.0 = Release|Any CPU
		{F76C8E31-06DE-4279-ACE7-DC5D84726D39}.Release|x64.ActiveCfg = Release|Any CPU
		{F76C8E31-06DE-4279-ACE7-DC5D84726D39}.Release|x64.Build.0 = Release|Any CPU
		{F76C8E31-06DE-4279-ACE7-DC5D84726D39}.Release|x86.ActiveCfg = Release|Any CPU
		{F76C8E31-06DE-4279-ACE7-DC5D84726D39}.Release|x86.Build.0 = Release|Any CPU
		{B33C40CC-E7C4-4842-AC8C-D64449CEAD26}.Debug|Any CPU.ActiveCfg = Debug|Any CPU
		{B33C40CC-E7C4-4842-AC8C-D64449CEAD26}.Debug|Any CPU.Build.0 = Debug|Any CPU
		{B33C40CC-E7C4-4842-AC8C-D64449CEAD26}.Debug|x64.ActiveCfg = Debug|Any CPU
		{B33C40CC-E7C4-4842-AC8C-D64449CEAD26}.Debug|x64.Build.0 = Debug|Any CPU
		{B33C40CC-E7C4-4842-AC8C-D64449CEAD26}.Debug|x86.ActiveCfg = Debug|Any CPU
		{B33C40CC-E7C4-4842-AC8C-D64449CEAD26}.Debug|x86.Build.0 = Debug|Any CPU
		{B33C40CC-E7C4-4842-AC8C-D64449CEAD26}.Release|Any CPU.ActiveCfg = Release|Any CPU
		{B33C40CC-E7C4-4842-AC8C-D64449CEAD26}.Release|Any CPU.Build.0 = Release|Any CPU
		{B33C40CC-E7C4-4842-AC8C-D64449CEAD26}.Release|x64.ActiveCfg = Release|Any CPU
		{B33C40CC-E7C4-4842-AC8C-D64449CEAD26}.Release|x64.Build.0 = Release|Any CPU
		{B33C40CC-E7C4-4842-AC8C-D64449CEAD26}.Release|x86.ActiveCfg = Release|Any CPU
		{B33C40CC-E7C4-4842-AC8C-D64449CEAD26}.Release|x86.Build.0 = Release|Any CPU
		{7587B8DE-A4EA-454F-A46F-752E25848597}.Debug|Any CPU.ActiveCfg = Debug|Any CPU
		{7587B8DE-A4EA-454F-A46F-752E25848597}.Debug|Any CPU.Build.0 = Debug|Any CPU
		{7587B8DE-A4EA-454F-A46F-752E25848597}.Debug|x64.ActiveCfg = Debug|Any CPU
		{7587B8DE-A4EA-454F-A46F-752E25848597}.Debug|x64.Build.0 = Debug|Any CPU
		{7587B8DE-A4EA-454F-A46F-752E25848597}.Debug|x86.ActiveCfg = Debug|Any CPU
		{7587B8DE-A4EA-454F-A46F-752E25848597}.Debug|x86.Build.0 = Debug|Any CPU
		{7587B8DE-A4EA-454F-A46F-752E25848597}.Release|Any CPU.ActiveCfg = Release|Any CPU
		{7587B8DE-A4EA-454F-A46F-752E25848597}.Release|Any CPU.Build.0 = Release|Any CPU
		{7587B8DE-A4EA-454F-A46F-752E25848597}.Release|x64.ActiveCfg = Release|Any CPU
		{7587B8DE-A4EA-454F-A46F-752E25848597}.Release|x64.Build.0 = Release|Any CPU
		{7587B8DE-A4EA-454F-A46F-752E25848597}.Release|x86.ActiveCfg = Release|Any CPU
		{7587B8DE-A4EA-454F-A46F-752E25848597}.Release|x86.Build.0 = Release|Any CPU
		{2F1ED4BC-ED70-4BB1-8A59-00AEB5F7B740}.Debug|Any CPU.ActiveCfg = Debug|Any CPU
		{2F1ED4BC-ED70-4BB1-8A59-00AEB5F7B740}.Debug|Any CPU.Build.0 = Debug|Any CPU
		{2F1ED4BC-ED70-4BB1-8A59-00AEB5F7B740}.Debug|x64.ActiveCfg = Debug|Any CPU
		{2F1ED4BC-ED70-4BB1-8A59-00AEB5F7B740}.Debug|x64.Build.0 = Debug|Any CPU
		{2F1ED4BC-ED70-4BB1-8A59-00AEB5F7B740}.Debug|x86.ActiveCfg = Debug|Any CPU
		{2F1ED4BC-ED70-4BB1-8A59-00AEB5F7B740}.Debug|x86.Build.0 = Debug|Any CPU
		{2F1ED4BC-ED70-4BB1-8A59-00AEB5F7B740}.Release|Any CPU.ActiveCfg = Release|Any CPU
		{2F1ED4BC-ED70-4BB1-8A59-00AEB5F7B740}.Release|Any CPU.Build.0 = Release|Any CPU
		{2F1ED4BC-ED70-4BB1-8A59-00AEB5F7B740}.Release|x64.ActiveCfg = Release|Any CPU
		{2F1ED4BC-ED70-4BB1-8A59-00AEB5F7B740}.Release|x64.Build.0 = Release|Any CPU
		{2F1ED4BC-ED70-4BB1-8A59-00AEB5F7B740}.Release|x86.ActiveCfg = Release|Any CPU
		{2F1ED4BC-ED70-4BB1-8A59-00AEB5F7B740}.Release|x86.Build.0 = Release|Any CPU
		{3A5473A2-132B-470F-B89A-DFDEFD10C104}.Debug|Any CPU.ActiveCfg = Debug|Any CPU
		{3A5473A2-132B-470F-B89A-DFDEFD10C104}.Debug|Any CPU.Build.0 = Debug|Any CPU
		{3A5473A2-132B-470F-B89A-DFDEFD10C104}.Debug|x64.ActiveCfg = Debug|Any CPU
		{3A5473A2-132B-470F-B89A-DFDEFD10C104}.Debug|x64.Build.0 = Debug|Any CPU
		{3A5473A2-132B-470F-B89A-DFDEFD10C104}.Debug|x86.ActiveCfg = Debug|Any CPU
		{3A5473A2-132B-470F-B89A-DFDEFD10C104}.Debug|x86.Build.0 = Debug|Any CPU
		{3A5473A2-132B-470F-B89A-DFDEFD10C104}.Release|Any CPU.ActiveCfg = Release|Any CPU
		{3A5473A2-132B-470F-B89A-DFDEFD10C104}.Release|Any CPU.Build.0 = Release|Any CPU
		{3A5473A2-132B-470F-B89A-DFDEFD10C104}.Release|x64.ActiveCfg = Release|Any CPU
		{3A5473A2-132B-470F-B89A-DFDEFD10C104}.Release|x64.Build.0 = Release|Any CPU
		{3A5473A2-132B-470F-B89A-DFDEFD10C104}.Release|x86.ActiveCfg = Release|Any CPU
		{3A5473A2-132B-470F-B89A-DFDEFD10C104}.Release|x86.Build.0 = Release|Any CPU
		{5E85E5A4-DD50-4AAF-9C97-8A3CF4659A6B}.Debug|Any CPU.ActiveCfg = Debug|Any CPU
		{5E85E5A4-DD50-4AAF-9C97-8A3CF4659A6B}.Debug|Any CPU.Build.0 = Debug|Any CPU
		{5E85E5A4-DD50-4AAF-9C97-8A3CF4659A6B}.Debug|x64.ActiveCfg = Debug|Any CPU
		{5E85E5A4-DD50-4AAF-9C97-8A3CF4659A6B}.Debug|x64.Build.0 = Debug|Any CPU
		{5E85E5A4-DD50-4AAF-9C97-8A3CF4659A6B}.Debug|x86.ActiveCfg = Debug|Any CPU
		{5E85E5A4-DD50-4AAF-9C97-8A3CF4659A6B}.Debug|x86.Build.0 = Debug|Any CPU
		{5E85E5A4-DD50-4AAF-9C97-8A3CF4659A6B}.Release|Any CPU.ActiveCfg = Release|Any CPU
		{5E85E5A4-DD50-4AAF-9C97-8A3CF4659A6B}.Release|Any CPU.Build.0 = Release|Any CPU
		{5E85E5A4-DD50-4AAF-9C97-8A3CF4659A6B}.Release|x64.ActiveCfg = Release|Any CPU
		{5E85E5A4-DD50-4AAF-9C97-8A3CF4659A6B}.Release|x64.Build.0 = Release|Any CPU
		{5E85E5A4-DD50-4AAF-9C97-8A3CF4659A6B}.Release|x86.ActiveCfg = Release|Any CPU
		{5E85E5A4-DD50-4AAF-9C97-8A3CF4659A6B}.Release|x86.Build.0 = Release|Any CPU
		{0E720B1A-B7D8-4219-B509-5119A52ED29D}.Debug|Any CPU.ActiveCfg = Debug|Any CPU
		{0E720B1A-B7D8-4219-B509-5119A52ED29D}.Debug|Any CPU.Build.0 = Debug|Any CPU
		{0E720B1A-B7D8-4219-B509-5119A52ED29D}.Debug|x64.ActiveCfg = Debug|Any CPU
		{0E720B1A-B7D8-4219-B509-5119A52ED29D}.Debug|x64.Build.0 = Debug|Any CPU
		{0E720B1A-B7D8-4219-B509-5119A52ED29D}.Debug|x86.ActiveCfg = Debug|Any CPU
		{0E720B1A-B7D8-4219-B509-5119A52ED29D}.Debug|x86.Build.0 = Debug|Any CPU
		{0E720B1A-B7D8-4219-B509-5119A52ED29D}.Release|Any CPU.ActiveCfg = Release|Any CPU
		{0E720B1A-B7D8-4219-B509-5119A52ED29D}.Release|Any CPU.Build.0 = Release|Any CPU
		{0E720B1A-B7D8-4219-B509-5119A52ED29D}.Release|x64.ActiveCfg = Release|Any CPU
		{0E720B1A-B7D8-4219-B509-5119A52ED29D}.Release|x64.Build.0 = Release|Any CPU
		{0E720B1A-B7D8-4219-B509-5119A52ED29D}.Release|x86.ActiveCfg = Release|Any CPU
		{0E720B1A-B7D8-4219-B509-5119A52ED29D}.Release|x86.Build.0 = Release|Any CPU
		{25040443-A3FF-446B-AD3A-FAB798144ABF}.Debug|Any CPU.ActiveCfg = Debug|Any CPU
		{25040443-A3FF-446B-AD3A-FAB798144ABF}.Debug|Any CPU.Build.0 = Debug|Any CPU
		{25040443-A3FF-446B-AD3A-FAB798144ABF}.Debug|x64.ActiveCfg = Debug|Any CPU
		{25040443-A3FF-446B-AD3A-FAB798144ABF}.Debug|x64.Build.0 = Debug|Any CPU
		{25040443-A3FF-446B-AD3A-FAB798144ABF}.Debug|x86.ActiveCfg = Debug|Any CPU
		{25040443-A3FF-446B-AD3A-FAB798144ABF}.Debug|x86.Build.0 = Debug|Any CPU
		{25040443-A3FF-446B-AD3A-FAB798144ABF}.Release|Any CPU.ActiveCfg = Release|Any CPU
		{25040443-A3FF-446B-AD3A-FAB798144ABF}.Release|Any CPU.Build.0 = Release|Any CPU
		{25040443-A3FF-446B-AD3A-FAB798144ABF}.Release|x64.ActiveCfg = Release|Any CPU
		{25040443-A3FF-446B-AD3A-FAB798144ABF}.Release|x64.Build.0 = Release|Any CPU
		{25040443-A3FF-446B-AD3A-FAB798144ABF}.Release|x86.ActiveCfg = Release|Any CPU
		{25040443-A3FF-446B-AD3A-FAB798144ABF}.Release|x86.Build.0 = Release|Any CPU
	EndGlobalSection
	GlobalSection(SolutionProperties) = preSolution
		HideSolutionNode = FALSE
	EndGlobalSection
	GlobalSection(ExtensibilityGlobals) = postSolution
		SolutionGuid = {67F7134C-A965-47E2-AF59-4269D5FCA776}
	EndGlobalSection
EndGlobal
